
Microsoft Visual Studio Solution File, Format Version 12.00
# Visual Studio Version 16
VisualStudioVersion = 16.0.30717.126
MinimumVisualStudioVersion = 10.0.40219.1
Project("{FAE04EC0-301F-11D3-BF4B-00C04F79EFBC}") = "Ultima.Package", "Ultima.Package\Ultima.Package.csproj", "{A7C5DC8E-1D5E-469A-8A0F-E742550FBA51}"
EndProject
Project("{FAE04EC0-301F-11D3-BF4B-00C04F79EFBC}") = "Ultima.Package.Builder", "Ultima.Package.Builder\Ultima.Package.Builder.csproj", "{9E2BC22F-DFDC-4221-B71C-7E2F13EB9D2A}"
EndProject
Global
	GlobalSection(SolutionConfigurationPlatforms) = preSolution
		Debug|Any CPU = Debug|Any CPU
		Release|Any CPU = Release|Any CPU
	EndGlobalSection
	GlobalSection(ProjectConfigurationPlatforms) = postSolution
		{A7C5DC8E-1D5E-469A-8A0F-E742550FBA51}.Debug|Any CPU.ActiveCfg = Debug|Any CPU
		{A7C5DC8E-1D5E-469A-8A0F-E742550FBA51}.Debug|Any CPU.Build.0 = Debug|Any CPU
		{A7C5DC8E-1D5E-469A-8A0F-E742550FBA51}.Release|Any CPU.ActiveCfg = Release|Any CPU
		{A7C5DC8E-1D5E-469A-8A0F-E742550FBA51}.Release|Any CPU.Build.0 = Release|Any CPU
		{9E2BC22F-DFDC-4221-B71C-7E2F13EB9D2A}.Debug|Any CPU.ActiveCfg = Debug|Any CPU
		{9E2BC22F-DFDC-4221-B71C-7E2F13EB9D2A}.Debug|Any CPU.Build.0 = Debug|Any CPU
		{9E2BC22F-DFDC-4221-B71C-7E2F13EB9D2A}.Release|Any CPU.ActiveCfg = Release|Any CPU
		{9E2BC22F-DFDC-4221-B71C-7E2F13EB9D2A}.Release|Any CPU.Build.0 = Release|Any CPU
	EndGlobalSection
	GlobalSection(SolutionProperties) = preSolution
		HideSolutionNode = FALSE
	EndGlobalSection
	GlobalSection(ExtensibilityGlobals) = postSolution
		SolutionGuid = {91CEE1CD-2013-4B5B-AEFE-D66D40F21EB7}
	EndGlobalSection
EndGlobal
